// !$*UTF8*$!
{
	archiveVersion = 1;
	classes = {
	};
	objectVersion = 50;
	objects = {

/* Begin PBXBuildFile section */
		E766EDD426AFA36000A4A75B /* ReadWriteVC.m in Sources */ = {isa = PBXBuildFile; fileRef = E766EDD326AFA35F00A4A75B /* ReadWriteVC.m */; };
		E766EE0B26B134BE00A4A75B /* Person.m in Sources */ = {isa = PBXBuildFile; fileRef = E766EE0A26B134BD00A4A75B /* Person.m */; };
		E766EE0F26B134D400A4A75B /* Person+A.m in Sources */ = {isa = PBXBuildFile; fileRef = E766EE0E26B134D400A4A75B /* Person+A.m */; };
		E766EE1326B1369800A4A75B /* WeakAssociateObj.m in Sources */ = {isa = PBXBuildFile; fileRef = E766EE1226B1369800A4A75B /* WeakAssociateObj.m */; };
		E7BD9C08267EE20700361100 /* AppDelegate.m in Sources */ = {isa = PBXBuildFile; fileRef = E7BD9C07267EE20700361100 /* AppDelegate.m */; };
		E7BD9C0B267EE20700361100 /* SceneDelegate.m in Sources */ = {isa = PBXBuildFile; fileRef = E7BD9C0A267EE20700361100 /* SceneDelegate.m */; };
		E7BD9C0E267EE20700361100 /* ViewController.m in Sources */ = {isa = PBXBuildFile; fileRef = E7BD9C0D267EE20700361100 /* ViewController.m */; };
		E7BD9C11267EE20700361100 /* Main.storyboard in Resources */ = {isa = PBXBuildFile; fileRef = E7BD9C0F267EE20700361100 /* Main.storyboard */; };
		E7BD9C13267EE20B00361100 /* Assets.xcassets in Resources */ = {isa = PBXBuildFile; fileRef = E7BD9C12267EE20B00361100 /* Assets.xcassets */; };
		E7BD9C16267EE20B00361100 /* LaunchScreen.storyboard in Resources */ = {isa = PBXBuildFile; fileRef = E7BD9C14267EE20B00361100 /* LaunchScreen.storyboard */; };
		E7BD9C19267EE20B00361100 /* main.m in Sources */ = {isa = PBXBuildFile; fileRef = E7BD9C18267EE20B00361100 /* main.m */; };
/* End PBXBuildFile section */

/* Begin PBXFileReference section */
		E766EDD226AFA35F00A4A75B /* ReadWriteVC.h */ = {isa = PBXFileReference; lastKnownFileType = sourcecode.c.h; path = ReadWriteVC.h; sourceTree = "<group>"; };
		E766EDD326AFA35F00A4A75B /* ReadWriteVC.m */ = {isa = PBXFileReference; lastKnownFileType = sourcecode.c.objc; path = ReadWriteVC.m; sourceTree = "<group>"; };
		E766EE0926B134BD00A4A75B /* Person.h */ = {isa = PBXFileReference; lastKnownFileType = sourcecode.c.h; path = Person.h; sourceTree = "<group>"; };
		E766EE0A26B134BD00A4A75B /* Person.m */ = {isa = PBXFileReference; lastKnownFileType = sourcecode.c.objc; path = Person.m; sourceTree = "<group>"; };
		E766EE0D26B134D400A4A75B /* Person+A.h */ = {isa = PBXFileReference; lastKnownFileType = sourcecode.c.h; path = "Person+A.h"; sourceTree = "<group>"; };
		E766EE0E26B134D400A4A75B /* Person+A.m */ = {isa = PBXFileReference; lastKnownFileType = sourcecode.c.objc; path = "Person+A.m"; sourceTree = "<group>"; };
		E766EE1126B1369800A4A75B /* WeakAssociateObj.h */ = {isa = PBXFileReference; lastKnownFileType = sourcecode.c.h; path = WeakAssociateObj.h; sourceTree = "<group>"; };
		E766EE1226B1369800A4A75B /* WeakAssociateObj.m */ = {isa = PBXFileReference; lastKnownFileType = sourcecode.c.objc; path = WeakAssociateObj.m; sourceTree = "<group>"; };
		E7BD9C03267EE20700361100 /* Thread-GCD.app */ = {isa = PBXFileReference; explicitFileType = wrapper.application; includeInIndex = 0; path = "Thread-GCD.app"; sourceTree = BUILT_PRODUCTS_DIR; };
		E7BD9C06267EE20700361100 /* AppDelegate.h */ = {isa = PBXFileReference; lastKnownFileType = sourcecode.c.h; path = AppDelegate.h; sourceTree = "<group>"; };
		E7BD9C07267EE20700361100 /* AppDelegate.m */ = {isa = PBXFileReference; lastKnownFileType = sourcecode.c.objc; path = AppDelegate.m; sourceTree = "<group>"; };
		E7BD9C09267EE20700361100 /* SceneDelegate.h */ = {isa = PBXFileReference; lastKnownFileType = sourcecode.c.h; path = SceneDelegate.h; sourceTree = "<group>"; };
		E7BD9C0A267EE20700361100 /* SceneDelegate.m */ = {isa = PBXFileReference; lastKnownFileType = sourcecode.c.objc; path = SceneDelegate.m; sourceTree = "<group>"; };
		E7BD9C0C267EE20700361100 /* ViewController.h */ = {isa = PBXFileReference; lastKnownFileType = sourcecode.c.h; path = ViewController.h; sourceTree = "<group>"; };
		E7BD9C0D267EE20700361100 /* ViewController.m */ = {isa = PBXFileReference; lastKnownFileType = sourcecode.c.objc; path = ViewController.m; sourceTree = "<group>"; };
		E7BD9C10267EE20700361100 /* Base */ = {isa = PBXFileReference; lastKnownFileType = file.storyboard; name = Base; path = Base.lproj/Main.storyboard; sourceTree = "<group>"; };
		E7BD9C12267EE20B00361100 /* Assets.xcassets */ = {isa = PBXFileReference; lastKnownFileType = folder.assetcatalog; path = Assets.xcassets; sourceTree = "<group>"; };
		E7BD9C15267EE20B00361100 /* Base */ = {isa = PBXFileReference; lastKnownFileType = file.storyboard; name = Base; path = Base.lproj/LaunchScreen.storyboard; sourceTree = "<group>"; };
		E7BD9C17267EE20B00361100 /* Info.plist */ = {isa = PBXFileReference; lastKnownFileType = text.plist.xml; path = Info.plist; sourceTree = "<group>"; };
		E7BD9C18267EE20B00361100 /* main.m */ = {isa = PBXFileReference; lastKnownFileType = sourcecode.c.objc; path = main.m; sourceTree = "<group>"; };
/* End PBXFileReference section */

/* Begin PBXFrameworksBuildPhase section */
		E7BD9C00267EE20700361100 /* Frameworks */ = {
			isa = PBXFrameworksBuildPhase;
			buildActionMask = 2147483647;
			files = (
			);
			runOnlyForDeploymentPostprocessing = 0;
		};
/* End PBXFrameworksBuildPhase section */

/* Begin PBXGroup section */
		E7BD9BFA267EE20700361100 = {
			isa = PBXGroup;
			children = (
				E7BD9C05267EE20700361100 /* Thread-GCD */,
				E7BD9C04267EE20700361100 /* Products */,
			);
			sourceTree = "<group>";
		};
		E7BD9C04267EE20700361100 /* Products */ = {
			isa = PBXGroup;
			children = (
				E7BD9C03267EE20700361100 /* Thread-GCD.app */,
			);
			name = Products;
			sourceTree = "<group>";
		};
		E7BD9C05267EE20700361100 /* Thread-GCD */ = {
			isa = PBXGroup;
			children = (
				E7BD9C06267EE20700361100 /* AppDelegate.h */,
				E7BD9C07267EE20700361100 /* AppDelegate.m */,
				E7BD9C09267EE20700361100 /* SceneDelegate.h */,
				E7BD9C0A267EE20700361100 /* SceneDelegate.m */,
				E7BD9C0C267EE20700361100 /* ViewController.h */,
				E7BD9C0D267EE20700361100 /* ViewController.m */,
				E766EE0926B134BD00A4A75B /* Person.h */,
				E766EE0A26B134BD00A4A75B /* Person.m */,
				E766EE0D26B134D400A4A75B /* Person+A.h */,
				E766EE0E26B134D400A4A75B /* Person+A.m */,
				E766EE1126B1369800A4A75B /* WeakAssociateObj.h */,
				E766EE1226B1369800A4A75B /* WeakAssociateObj.m */,
				E766EDD226AFA35F00A4A75B /* ReadWriteVC.h */,
				E766EDD326AFA35F00A4A75B /* ReadWriteVC.m */,
				E7BD9C0F267EE20700361100 /* Main.storyboard */,
				E7BD9C12267EE20B00361100 /* Assets.xcassets */,
				E7BD9C14267EE20B00361100 /* LaunchScreen.storyboard */,
				E7BD9C17267EE20B00361100 /* Info.plist */,
				E7BD9C18267EE20B00361100 /* main.m */,
			);
			path = "Thread-GCD";
			sourceTree = "<group>";
		};
/* End PBXGroup section */

/* Begin PBXNativeTarget section */
		E7BD9C02267EE20700361100 /* Thread-GCD */ = {
			isa = PBXNativeTarget;
			buildConfigurationList = E7BD9C1C267EE20B00361100 /* Build configuration list for PBXNativeTarget "Thread-GCD" */;
			buildPhases = (
				E7BD9BFF267EE20700361100 /* Sources */,
				E7BD9C00267EE20700361100 /* Frameworks */,
				E7BD9C01267EE20700361100 /* Resources */,
			);
			buildRules = (
			);
			dependencies = (
			);
			name = "Thread-GCD";
			productName = "Thread-GCD";
			productReference = E7BD9C03267EE20700361100 /* Thread-GCD.app */;
			productType = "com.apple.product-type.application";
		};
/* End PBXNativeTarget section */

/* Begin PBXProject section */
		E7BD9BFB267EE20700361100 /* Project object */ = {
			isa = PBXProject;
			attributes = {
				LastUpgradeCheck = 1230;
				TargetAttributes = {
					E7BD9C02267EE20700361100 = {
						CreatedOnToolsVersion = 12.3;
					};
				};
			};
			buildConfigurationList = E7BD9BFE267EE20700361100 /* Build configuration list for PBXProject "Thread-GCD" */;
			compatibilityVersion = "Xcode 9.3";
			developmentRegion = en;
			hasScannedForEncodings = 0;
			knownRegions = (
				en,
				Base,
			);
			mainGroup = E7BD9BFA267EE20700361100;
			productRefGroup = E7BD9C04267EE20700361100 /* Products */;
			projectDirPath = "";
			projectRoot = "";
			targets = (
				E7BD9C02267EE20700361100 /* Thread-GCD */,
			);
		};
/* End PBXProject section */

/* Begin PBXResourcesBuildPhase section */
		E7BD9C01267EE20700361100 /* Resources */ = {
			isa = PBXResourcesBuildPhase;
			buildActionMask = 2147483647;
			files = (
				E7BD9C16267EE20B00361100 /* LaunchScreen.storyboard in Resources */,
				E7BD9C13267EE20B00361100 /* Assets.xcassets in Resources */,
				E7BD9C11267EE20700361100 /* Main.storyboard in Resources */,
			);
			runOnlyForDeploymentPostprocessing = 0;
		};
/* End PBXResourcesBuildPhase section */

/* Begin PBXSourcesBuildPhase section */
		E7BD9BFF267EE20700361100 /* Sources */ = {
			isa = PBXSourcesBuildPhase;
			buildActionMask = 2147483647;
			files = (
				E766EE0B26B134BE00A4A75B /* Person.m in Sources */,
				E7BD9C0E267EE20700361100 /* ViewController.m in Sources */,
				E7BD9C08267EE20700361100 /* AppDelegate.m in Sources */,
				E7BD9C19267EE20B00361100 /* main.m in Sources */,
				E766EE1326B1369800A4A75B /* WeakAssociateObj.m in Sources */,
				E766EE0F26B134D400A4A75B /* Person+A.m in Sources */,
				E766EDD426AFA36000A4A75B /* ReadWriteVC.m in Sources */,
				E7BD9C0B267EE20700361100 /* SceneDelegate.m in Sources */,
			);
			runOnlyForDeploymentPostprocessing = 0;
		};
/* End PBXSourcesBuildPhase section */

/* Begin PBXVariantGroup section */
		E7BD9C0F267EE20700361100 /* Main.storyboard */ = {
			isa = PBXVariantGroup;
			children = (
				E7BD9C10267EE20700361100 /* Base */,
			);
			name = Main.storyboard;
			sourceTree = "<group>";
		};
		E7BD9C14267EE20B00361100 /* LaunchScreen.storyboard */ = {
			isa = PBXVariantGroup;
			children = (
				E7BD9C15267EE20B00361100 /* Base */,
			);
			name = LaunchScreen.storyboard;
			sourceTree = "<group>";
		};
/* End PBXVariantGroup section */

/* Begin XCBuildConfiguration section */
		E7BD9C1A267EE20B00361100 /* Debug */ = {
			isa = XCBuildConfiguration;
			buildSettings = {
				ALWAYS_SEARCH_USER_PATHS = NO;
				CLANG_ANALYZER_NONNULL = YES;
				CLANG_ANALYZER_NUMBER_OBJECT_CONVERSION = YES_AGGRESSIVE;
				CLANG_CXX_LANGUAGE_STANDARD = "gnu++14";
				CLANG_CXX_LIBRARY = "libc++";
				CLANG_ENABLE_MODULES = YES;
				CLANG_ENABLE_OBJC_ARC = YES;
				CLANG_ENABLE_OBJC_WEAK = YES;
				CLANG_WARN_BLOCK_CAPTURE_AUTORELEASING = YES;
				CLANG_WARN_BOOL_CONVERSION = YES;
				CLANG_WARN_COMMA = YES;
				CLANG_WARN_CONSTANT_CONVERSION = YES;
				CLANG_WARN_DEPRECATED_OBJC_IMPLEMENTATIONS = YES;
				CLANG_WARN_DIRECT_OBJC_ISA_USAGE = YES_ERROR;
				CLANG_WARN_DOCUMENTATION_COMMENTS = YES;
				CLANG_WARN_EMPTY_BODY = YES;
				CLANG_WARN_ENUM_CONVERSION = YES;
				CLANG_WARN_INFINITE_RECURSION = YES;
				CLANG_WARN_INT_CONVERSION = YES;
				CLANG_WARN_NON_LITERAL_NULL_CONVERSION = YES;
				CLANG_WARN_OBJC_IMPLICIT_RETAIN_SELF = YES;
				CLANG_WARN_OBJC_LITERAL_CONVERSION = YES;
				CLANG_WARN_OBJC_ROOT_CLASS = YES_ERROR;
				CLANG_WARN_QUOTED_INCLUDE_IN_FRAMEWORK_HEADER = YES;
				CLANG_WARN_RANGE_LOOP_ANALYSIS = YES;
				CLANG_WARN_STRICT_PROTOTYPES = YES;
				CLANG_WARN_SUSPICIOUS_MOVE = YES;
				CLANG_WARN_UNGUARDED_AVAILABILITY = YES_AGGRESSIVE;
				CLANG_WARN_UNREACHABLE_CODE = YES;
				CLANG_WARN__DUPLICATE_METHOD_MATCH = YES;
				COPY_PHASE_STRIP = NO;
				DEBUG_INFORMATION_FORMAT = dwarf;
				ENABLE_STRICT_OBJC_MSGSEND = YES;
				ENABLE_TESTABILITY = YES;
				GCC_C_LANGUAGE_STANDARD = gnu11;
				GCC_DYNAMIC_NO_PIC = NO;
				GCC_NO_COMMON_BLOCKS = YES;
				GCC_OPTIMIZATION_LEVEL = 0;
				GCC_PREPROCESSOR_DEFINITIONS = (
					"DEBUG=1",
					"$(inherited)",
				);
				GCC_WARN_64_TO_32_BIT_CONVERSION = YES;
				GCC_WARN_ABOUT_RETURN_TYPE = YES_ERROR;
				GCC_WARN_UNDECLARED_SELECTOR = YES;
				GCC_WARN_UNINITIALIZED_AUTOS = YES_AGGRESSIVE;
				GCC_WARN_UNUSED_FUNCTION = YES;
				GCC_WARN_UNUSED_VARIABLE = YES;
				IPHONEOS_DEPLOYMENT_TARGET = 14.3;
				MTL_ENABLE_DEBUG_INFO = INCLUDE_SOURCE;
				MTL_FAST_MATH = YES;
				ONLY_ACTIVE_ARCH = YES;
				SDKROOT = iphoneos;
			};
			name = Debug;
		};
		E7BD9C1B267EE20B00361100 /* Release */ = {
			isa = XCBuildConfiguration;
			buildSettings = {
				ALWAYS_SEARCH_USER_PATHS = NO;
				CLANG_ANALYZER_NONNULL = YES;
				CLANG_ANALYZER_NUMBER_OBJECT_CONVERSION = YES_AGGRESSIVE;
				CLANG_CXX_LANGUAGE_STANDARD = "gnu++14";
				CLANG_CXX_LIBRARY = "libc++";
				CLANG_ENABLE_MODULES = YES;
				CLANG_ENABLE_OBJC_ARC = YES;
				CLANG_ENABLE_OBJC_WEAK = YES;
				CLANG_WARN_BLOCK_CAPTURE_AUTORELEASING = YES;
				CLANG_WARN_BOOL_CONVERSION = YES;
				CLANG_WARN_COMMA = YES;
				CLANG_WARN_CONSTANT_CONVERSION = YES;
				CLANG_WARN_DEPRECATED_OBJC_IMPLEMENTATIONS = YES;
				CLANG_WARN_DIRECT_OBJC_ISA_USAGE = YES_ERROR;
				CLANG_WARN_DOCUMENTATION_COMMENTS = YES;
				CLANG_WARN_EMPTY_BODY = YES;
				CLANG_WARN_ENUM_CONVERSION = YES;
				CLANG_WARN_INFINITE_RECURSION = YES;
				CLANG_WARN_INT_CONVERSION = YES;
				CLANG_WARN_NON_LITERAL_NULL_CONVERSION = YES;
				CLANG_WARN_OBJC_IMPLICIT_RETAIN_SELF = YES;
				CLANG_WARN_OBJC_LITERAL_CONVERSION = YES;
				CLANG_WARN_OBJC_ROOT_CLASS = YES_ERROR;
				CLANG_WARN_QUOTED_INCLUDE_IN_FRAMEWORK_HEADER = YES;
				CLANG_WARN_RANGE_LOOP_ANALYSIS = YES;
				CLANG_WARN_STRICT_PROTOTYPES = YES;
				CLANG_WARN_SUSPICIOUS_MOVE = YES;
				CLANG_WARN_UNGUARDED_AVAILABILITY = YES_AGGRESSIVE;
				CLANG_WARN_UNREACHABLE_CODE = YES;
				CLANG_WARN__DUPLICATE_METHOD_MATCH = YES;
				COPY_PHASE_STRIP = NO;
				DEBUG_INFORMATION_FORMAT = "dwarf-with-dsym";
				ENABLE_NS_ASSERTIONS = NO;
				ENABLE_STRICT_OBJC_MSGSEND = YES;
				GCC_C_LANGUAGE_STANDARD = gnu11;
				GCC_NO_COMMON_BLOCKS = YES;
				GCC_WARN_64_TO_32_BIT_CONVERSION = YES;
				GCC_WARN_ABOUT_RETURN_TYPE = YES_ERROR;
				GCC_WARN_UNDECLARED_SELECTOR = YES;
				GCC_WARN_UNINITIALIZED_AUTOS = YES_AGGRESSIVE;
				GCC_WARN_UNUSED_FUNCTION = YES;
				GCC_WARN_UNUSED_VARIABLE = YES;
				IPHONEOS_DEPLOYMENT_TARGET = 14.3;
				MTL_ENABLE_DEBUG_INFO = NO;
				MTL_FAST_MATH = YES;
				SDKROOT = iphoneos;
				VALIDATE_PRODUCT = YES;
			};
			name = Release;
		};
		E7BD9C1D267EE20B00361100 /* Debug */ = {
			isa = XCBuildConfiguration;
			buildSettings = {
				ASSETCATALOG_COMPILER_APPICON_NAME = AppIcon;
				ASSETCATALOG_COMPILER_GLOBAL_ACCENT_COLOR_NAME = AccentColor;
				CODE_SIGN_STYLE = Automatic;
				INFOPLIST_FILE = "Thread-GCD/Info.plist";
				LD_RUNPATH_SEARCH_PATHS = (
					"$(inherited)",
					"@executable_path/Frameworks",
				);
				PRODUCT_BUNDLE_IDENTIFIER = "alan.com.Thread-GCD";
				PRODUCT_NAME = "$(TARGET_NAME)";
				TARGETED_DEVICE_FAMILY = "1,2";
			};
			name = Debug;
		};
		E7BD9C1E267EE20B00361100 /* Release */ = {
			isa = XCBuildConfiguration;
			buildSettings = {
				ASSETCATALOG_COMPILER_APPICON_NAME = AppIcon;
				ASSETCATALOG_COMPILER_GLOBAL_ACCENT_COLOR_NAME = AccentColor;
				CODE_SIGN_STYLE = Automatic;
				INFOPLIST_FILE = "Thread-GCD/Info.plist";
				LD_RUNPATH_SEARCH_PATHS = (
					"$(inherited)",
					"@executable_path/Frameworks",
				);
				PRODUCT_BUNDLE_IDENTIFIER = "alan.com.Thread-GCD";
				PRODUCT_NAME = "$(TARGET_NAME)";
				TARGETED_DEVICE_FAMILY = "1,2";
			};
			name = Release;
		};
/* End XCBuildConfiguration section */

/* Begin XCConfigurationList section */
		E7BD9BFE267EE20700361100 /* Build configuration list for PBXProject "Thread-GCD" */ = {
			isa = XCConfigurationList;
			buildConfigurations = (
				E7BD9C1A267EE20B00361100 /* Debug */,
				E7BD9C1B267EE20B00361100 /* Release */,
			);
			defaultConfigurationIsVisible = 0;
			defaultConfigurationName = Release;
		};
		E7BD9C1C267EE20B00361100 /* Build configuration list for PBXNativeTarget "Thread-GCD" */ = {
			isa = XCConfigurationList;
			buildConfigurations = (
				E7BD9C1D267EE20B00361100 /* Debug */,
				E7BD9C1E267EE20B00361100 /* Release */,
			);
			defaultConfigurationIsVisible = 0;
			defaultConfigurationName = Release;
		};
/* End XCConfigurationList section */
	};
	rootObject = E7BD9BFB267EE20700361100 /* Project object */;
}
