// !$*UTF8*$!
{
	archiveVersion = 1;
	classes = {
	};
	objectVersion = 50;
	objects = {

/* Begin PBXBuildFile section */
		E7ABC001267DEA3E0094A65C /* AppDelegate.m in Sources */ = {isa = PBXBuildFile; fileRef = E7ABC000267DEA3E0094A65C /* AppDelegate.m */; };
		E7ABC004267DEA3E0094A65C /* SceneDelegate.m in Sources */ = {isa = PBXBuildFile; fileRef = E7ABC003267DEA3E0094A65C /* SceneDelegate.m */; };
		E7ABC007267DEA3E0094A65C /* ViewController.m in Sources */ = {isa = PBXBuildFile; fileRef = E7ABC006267DEA3E0094A65C /* ViewController.m */; };
		E7ABC00A267DEA3E0094A65C /* Main.storyboard in Resources */ = {isa = PBXBuildFile; fileRef = E7ABC008267DEA3E0094A65C /* Main.storyboard */; };
		E7ABC00C267DEA400094A65C /* Assets.xcassets in Resources */ = {isa = PBXBuildFile; fileRef = E7ABC00B267DEA400094A65C /* Assets.xcassets */; };
		E7ABC00F267DEA400094A65C /* LaunchScreen.storyboard in Resources */ = {isa = PBXBuildFile; fileRef = E7ABC00D267DEA400094A65C /* LaunchScreen.storyboard */; };
		E7ABC012267DEA400094A65C /* main.m in Sources */ = {isa = PBXBuildFile; fileRef = E7ABC011267DEA400094A65C /* main.m */; };
		E7BD9BF8267DED2500361100 /* Person.m in Sources */ = {isa = PBXBuildFile; fileRef = E7BD9BF7267DED2500361100 /* Person.m */; };
		E7BD9C232680DD2E00361100 /* AViewController.m in Sources */ = {isa = PBXBuildFile; fileRef = E7BD9C222680DD2E00361100 /* AViewController.m */; };
/* End PBXBuildFile section */

/* Begin PBXFileReference section */
		E7ABBFFC267DEA3E0094A65C /* BlockDemo.app */ = {isa = PBXFileReference; explicitFileType = wrapper.application; includeInIndex = 0; path = BlockDemo.app; sourceTree = BUILT_PRODUCTS_DIR; };
		E7ABBFFF267DEA3E0094A65C /* AppDelegate.h */ = {isa = PBXFileReference; lastKnownFileType = sourcecode.c.h; path = AppDelegate.h; sourceTree = "<group>"; };
		E7ABC000267DEA3E0094A65C /* AppDelegate.m */ = {isa = PBXFileReference; lastKnownFileType = sourcecode.c.objc; path = AppDelegate.m; sourceTree = "<group>"; };
		E7ABC002267DEA3E0094A65C /* SceneDelegate.h */ = {isa = PBXFileReference; lastKnownFileType = sourcecode.c.h; path = SceneDelegate.h; sourceTree = "<group>"; };
		E7ABC003267DEA3E0094A65C /* SceneDelegate.m */ = {isa = PBXFileReference; lastKnownFileType = sourcecode.c.objc; path = SceneDelegate.m; sourceTree = "<group>"; };
		E7ABC005267DEA3E0094A65C /* ViewController.h */ = {isa = PBXFileReference; lastKnownFileType = sourcecode.c.h; path = ViewController.h; sourceTree = "<group>"; };
		E7ABC006267DEA3E0094A65C /* ViewController.m */ = {isa = PBXFileReference; lastKnownFileType = sourcecode.c.objc; path = ViewController.m; sourceTree = "<group>"; };
		E7ABC009267DEA3E0094A65C /* Base */ = {isa = PBXFileReference; lastKnownFileType = file.storyboard; name = Base; path = Base.lproj/Main.storyboard; sourceTree = "<group>"; };
		E7ABC00B267DEA400094A65C /* Assets.xcassets */ = {isa = PBXFileReference; lastKnownFileType = folder.assetcatalog; path = Assets.xcassets; sourceTree = "<group>"; };
		E7ABC00E267DEA400094A65C /* Base */ = {isa = PBXFileReference; lastKnownFileType = file.storyboard; name = Base; path = Base.lproj/LaunchScreen.storyboard; sourceTree = "<group>"; };
		E7ABC010267DEA400094A65C /* Info.plist */ = {isa = PBXFileReference; lastKnownFileType = text.plist.xml; path = Info.plist; sourceTree = "<group>"; };
		E7ABC011267DEA400094A65C /* main.m */ = {isa = PBXFileReference; lastKnownFileType = sourcecode.c.objc; path = main.m; sourceTree = "<group>"; };
		E7BD9BF6267DED2500361100 /* Person.h */ = {isa = PBXFileReference; lastKnownFileType = sourcecode.c.h; path = Person.h; sourceTree = "<group>"; };
		E7BD9BF7267DED2500361100 /* Person.m */ = {isa = PBXFileReference; lastKnownFileType = sourcecode.c.objc; path = Person.m; sourceTree = "<group>"; };
		E7BD9C212680DD2E00361100 /* AViewController.h */ = {isa = PBXFileReference; lastKnownFileType = sourcecode.c.h; path = AViewController.h; sourceTree = "<group>"; };
		E7BD9C222680DD2E00361100 /* AViewController.m */ = {isa = PBXFileReference; lastKnownFileType = sourcecode.c.objc; path = AViewController.m; sourceTree = "<group>"; };
/* End PBXFileReference section */

/* Begin PBXFrameworksBuildPhase section */
		E7ABBFF9267DEA3E0094A65C /* Frameworks */ = {
			isa = PBXFrameworksBuildPhase;
			buildActionMask = 2147483647;
			files = (
			);
			runOnlyForDeploymentPostprocessing = 0;
		};
/* End PBXFrameworksBuildPhase section */

/* Begin PBXGroup section */
		E7ABBFF3267DEA3E0094A65C = {
			isa = PBXGroup;
			children = (
				E7ABBFFE267DEA3E0094A65C /* BlockDemo */,
				E7ABBFFD267DEA3E0094A65C /* Products */,
			);
			sourceTree = "<group>";
		};
		E7ABBFFD267DEA3E0094A65C /* Products */ = {
			isa = PBXGroup;
			children = (
				E7ABBFFC267DEA3E0094A65C /* BlockDemo.app */,
			);
			name = Products;
			sourceTree = "<group>";
		};
		E7ABBFFE267DEA3E0094A65C /* BlockDemo */ = {
			isa = PBXGroup;
			children = (
				E7ABBFFF267DEA3E0094A65C /* AppDelegate.h */,
				E7ABC000267DEA3E0094A65C /* AppDelegate.m */,
				E7ABC002267DEA3E0094A65C /* SceneDelegate.h */,
				E7ABC003267DEA3E0094A65C /* SceneDelegate.m */,
				E7ABC005267DEA3E0094A65C /* ViewController.h */,
				E7ABC006267DEA3E0094A65C /* ViewController.m */,
				E7BD9C212680DD2E00361100 /* AViewController.h */,
				E7BD9C222680DD2E00361100 /* AViewController.m */,
				E7BD9BF6267DED2500361100 /* Person.h */,
				E7BD9BF7267DED2500361100 /* Person.m */,
				E7ABC008267DEA3E0094A65C /* Main.storyboard */,
				E7ABC00B267DEA400094A65C /* Assets.xcassets */,
				E7ABC00D267DEA400094A65C /* LaunchScreen.storyboard */,
				E7ABC010267DEA400094A65C /* Info.plist */,
				E7ABC011267DEA400094A65C /* main.m */,
			);
			path = BlockDemo;
			sourceTree = "<group>";
		};
/* End PBXGroup section */

/* Begin PBXNativeTarget section */
		E7ABBFFB267DEA3E0094A65C /* BlockDemo */ = {
			isa = PBXNativeTarget;
			buildConfigurationList = E7ABC015267DEA400094A65C /* Build configuration list for PBXNativeTarget "BlockDemo" */;
			buildPhases = (
				E7ABBFF8267DEA3E0094A65C /* Sources */,
				E7ABBFF9267DEA3E0094A65C /* Frameworks */,
				E7ABBFFA267DEA3E0094A65C /* Resources */,
			);
			buildRules = (
			);
			dependencies = (
			);
			name = BlockDemo;
			productName = BlockDemo;
			productReference = E7ABBFFC267DEA3E0094A65C /* BlockDemo.app */;
			productType = "com.apple.product-type.application";
		};
/* End PBXNativeTarget section */

/* Begin PBXProject section */
		E7ABBFF4267DEA3E0094A65C /* Project object */ = {
			isa = PBXProject;
			attributes = {
				LastUpgradeCheck = 1230;
				TargetAttributes = {
					E7ABBFFB267DEA3E0094A65C = {
						CreatedOnToolsVersion = 12.3;
					};
				};
			};
			buildConfigurationList = E7ABBFF7267DEA3E0094A65C /* Build configuration list for PBXProject "BlockDemo" */;
			compatibilityVersion = "Xcode 9.3";
			developmentRegion = en;
			hasScannedForEncodings = 0;
			knownRegions = (
				en,
				Base,
			);
			mainGroup = E7ABBFF3267DEA3E0094A65C;
			productRefGroup = E7ABBFFD267DEA3E0094A65C /* Products */;
			projectDirPath = "";
			projectRoot = "";
			targets = (
				E7ABBFFB267DEA3E0094A65C /* BlockDemo */,
			);
		};
/* End PBXProject section */

/* Begin PBXResourcesBuildPhase section */
		E7ABBFFA267DEA3E0094A65C /* Resources */ = {
			isa = PBXResourcesBuildPhase;
			buildActionMask = 2147483647;
			files = (
				E7ABC00F267DEA400094A65C /* LaunchScreen.storyboard in Resources */,
				E7ABC00C267DEA400094A65C /* Assets.xcassets in Resources */,
				E7ABC00A267DEA3E0094A65C /* Main.storyboard in Resources */,
			);
			runOnlyForDeploymentPostprocessing = 0;
		};
/* End PBXResourcesBuildPhase section */

/* Begin PBXSourcesBuildPhase section */
		E7ABBFF8267DEA3E0094A65C /* Sources */ = {
			isa = PBXSourcesBuildPhase;
			buildActionMask = 2147483647;
			files = (
				E7BD9C232680DD2E00361100 /* AViewController.m in Sources */,
				E7ABC007267DEA3E0094A65C /* ViewController.m in Sources */,
				E7ABC001267DEA3E0094A65C /* AppDelegate.m in Sources */,
				E7BD9BF8267DED2500361100 /* Person.m in Sources */,
				E7ABC012267DEA400094A65C /* main.m in Sources */,
				E7ABC004267DEA3E0094A65C /* SceneDelegate.m in Sources */,
			);
			runOnlyForDeploymentPostprocessing = 0;
		};
/* End PBXSourcesBuildPhase section */

/* Begin PBXVariantGroup section */
		E7ABC008267DEA3E0094A65C /* Main.storyboard */ = {
			isa = PBXVariantGroup;
			children = (
				E7ABC009267DEA3E0094A65C /* Base */,
			);
			name = Main.storyboard;
			sourceTree = "<group>";
		};
		E7ABC00D267DEA400094A65C /* LaunchScreen.storyboard */ = {
			isa = PBXVariantGroup;
			children = (
				E7ABC00E267DEA400094A65C /* Base */,
			);
			name = LaunchScreen.storyboard;
			sourceTree = "<group>";
		};
/* End PBXVariantGroup section */

/* Begin XCBuildConfiguration section */
		E7ABC013267DEA400094A65C /* Debug */ = {
			isa = XCBuildConfiguration;
			buildSettings = {
				ALWAYS_SEARCH_USER_PATHS = NO;
				CLANG_ANALYZER_NONNULL = YES;
				CLANG_ANALYZER_NUMBER_OBJECT_CONVERSION = YES_AGGRESSIVE;
				CLANG_CXX_LANGUAGE_STANDARD = "gnu++14";
				CLANG_CXX_LIBRARY = "libc++";
				CLANG_ENABLE_MODULES = YES;
				CLANG_ENABLE_OBJC_ARC = YES;
				CLANG_ENABLE_OBJC_WEAK = YES;
				CLANG_WARN_BLOCK_CAPTURE_AUTORELEASING = YES;
				CLANG_WARN_BOOL_CONVERSION = YES;
				CLANG_WARN_COMMA = YES;
				CLANG_WARN_CONSTANT_CONVERSION = YES;
				CLANG_WARN_DEPRECATED_OBJC_IMPLEMENTATIONS = YES;
				CLANG_WARN_DIRECT_OBJC_ISA_USAGE = YES_ERROR;
				CLANG_WARN_DOCUMENTATION_COMMENTS = YES;
				CLANG_WARN_EMPTY_BODY = YES;
				CLANG_WARN_ENUM_CONVERSION = YES;
				CLANG_WARN_INFINITE_RECURSION = YES;
				CLANG_WARN_INT_CONVERSION = YES;
				CLANG_WARN_NON_LITERAL_NULL_CONVERSION = YES;
				CLANG_WARN_OBJC_IMPLICIT_RETAIN_SELF = YES;
				CLANG_WARN_OBJC_LITERAL_CONVERSION = YES;
				CLANG_WARN_OBJC_ROOT_CLASS = YES_ERROR;
				CLANG_WARN_QUOTED_INCLUDE_IN_FRAMEWORK_HEADER = YES;
				CLANG_WARN_RANGE_LOOP_ANALYSIS = YES;
				CLANG_WARN_STRICT_PROTOTYPES = YES;
				CLANG_WARN_SUSPICIOUS_MOVE = YES;
				CLANG_WARN_UNGUARDED_AVAILABILITY = YES_AGGRESSIVE;
				CLANG_WARN_UNREACHABLE_CODE = YES;
				CLANG_WARN__DUPLICATE_METHOD_MATCH = YES;
				COPY_PHASE_STRIP = NO;
				DEBUG_INFORMATION_FORMAT = dwarf;
				ENABLE_STRICT_OBJC_MSGSEND = YES;
				ENABLE_TESTABILITY = YES;
				GCC_C_LANGUAGE_STANDARD = gnu11;
				GCC_DYNAMIC_NO_PIC = NO;
				GCC_NO_COMMON_BLOCKS = YES;
				GCC_OPTIMIZATION_LEVEL = 0;
				GCC_PREPROCESSOR_DEFINITIONS = (
					"DEBUG=1",
					"$(inherited)",
				);
				GCC_WARN_64_TO_32_BIT_CONVERSION = YES;
				GCC_WARN_ABOUT_RETURN_TYPE = YES_ERROR;
				GCC_WARN_UNDECLARED_SELECTOR = YES;
				GCC_WARN_UNINITIALIZED_AUTOS = YES_AGGRESSIVE;
				GCC_WARN_UNUSED_FUNCTION = YES;
				GCC_WARN_UNUSED_VARIABLE = YES;
				IPHONEOS_DEPLOYMENT_TARGET = 14.3;
				MTL_ENABLE_DEBUG_INFO = INCLUDE_SOURCE;
				MTL_FAST_MATH = YES;
				ONLY_ACTIVE_ARCH = YES;
				SDKROOT = iphoneos;
			};
			name = Debug;
		};
		E7ABC014267DEA400094A65C /* Release */ = {
			isa = XCBuildConfiguration;
			buildSettings = {
				ALWAYS_SEARCH_USER_PATHS = NO;
				CLANG_ANALYZER_NONNULL = YES;
				CLANG_ANALYZER_NUMBER_OBJECT_CONVERSION = YES_AGGRESSIVE;
				CLANG_CXX_LANGUAGE_STANDARD = "gnu++14";
				CLANG_CXX_LIBRARY = "libc++";
				CLANG_ENABLE_MODULES = YES;
				CLANG_ENABLE_OBJC_ARC = YES;
				CLANG_ENABLE_OBJC_WEAK = YES;
				CLANG_WARN_BLOCK_CAPTURE_AUTORELEASING = YES;
				CLANG_WARN_BOOL_CONVERSION = YES;
				CLANG_WARN_COMMA = YES;
				CLANG_WARN_CONSTANT_CONVERSION = YES;
				CLANG_WARN_DEPRECATED_OBJC_IMPLEMENTATIONS = YES;
				CLANG_WARN_DIRECT_OBJC_ISA_USAGE = YES_ERROR;
				CLANG_WARN_DOCUMENTATION_COMMENTS = YES;
				CLANG_WARN_EMPTY_BODY = YES;
				CLANG_WARN_ENUM_CONVERSION = YES;
				CLANG_WARN_INFINITE_RECURSION = YES;
				CLANG_WARN_INT_CONVERSION = YES;
				CLANG_WARN_NON_LITERAL_NULL_CONVERSION = YES;
				CLANG_WARN_OBJC_IMPLICIT_RETAIN_SELF = YES;
				CLANG_WARN_OBJC_LITERAL_CONVERSION = YES;
				CLANG_WARN_OBJC_ROOT_CLASS = YES_ERROR;
				CLANG_WARN_QUOTED_INCLUDE_IN_FRAMEWORK_HEADER = YES;
				CLANG_WARN_RANGE_LOOP_ANALYSIS = YES;
				CLANG_WARN_STRICT_PROTOTYPES = YES;
				CLANG_WARN_SUSPICIOUS_MOVE = YES;
				CLANG_WARN_UNGUARDED_AVAILABILITY = YES_AGGRESSIVE;
				CLANG_WARN_UNREACHABLE_CODE = YES;
				CLANG_WARN__DUPLICATE_METHOD_MATCH = YES;
				COPY_PHASE_STRIP = NO;
				DEBUG_INFORMATION_FORMAT = "dwarf-with-dsym";
				ENABLE_NS_ASSERTIONS = NO;
				ENABLE_STRICT_OBJC_MSGSEND = YES;
				GCC_C_LANGUAGE_STANDARD = gnu11;
				GCC_NO_COMMON_BLOCKS = YES;
				GCC_WARN_64_TO_32_BIT_CONVERSION = YES;
				GCC_WARN_ABOUT_RETURN_TYPE = YES_ERROR;
				GCC_WARN_UNDECLARED_SELECTOR = YES;
				GCC_WARN_UNINITIALIZED_AUTOS = YES_AGGRESSIVE;
				GCC_WARN_UNUSED_FUNCTION = YES;
				GCC_WARN_UNUSED_VARIABLE = YES;
				IPHONEOS_DEPLOYMENT_TARGET = 14.3;
				MTL_ENABLE_DEBUG_INFO = NO;
				MTL_FAST_MATH = YES;
				SDKROOT = iphoneos;
				VALIDATE_PRODUCT = YES;
			};
			name = Release;
		};
		E7ABC016267DEA400094A65C /* Debug */ = {
			isa = XCBuildConfiguration;
			buildSettings = {
				ASSETCATALOG_COMPILER_APPICON_NAME = AppIcon;
				ASSETCATALOG_COMPILER_GLOBAL_ACCENT_COLOR_NAME = AccentColor;
				CODE_SIGN_STYLE = Automatic;
				INFOPLIST_FILE = BlockDemo/Info.plist;
				LD_RUNPATH_SEARCH_PATHS = (
					"$(inherited)",
					"@executable_path/Frameworks",
				);
				PRODUCT_BUNDLE_IDENTIFIER = alan.com.BlockDemo;
				PRODUCT_NAME = "$(TARGET_NAME)";
				TARGETED_DEVICE_FAMILY = "1,2";
			};
			name = Debug;
		};
		E7ABC017267DEA400094A65C /* Release */ = {
			isa = XCBuildConfiguration;
			buildSettings = {
				ASSETCATALOG_COMPILER_APPICON_NAME = AppIcon;
				ASSETCATALOG_COMPILER_GLOBAL_ACCENT_COLOR_NAME = AccentColor;
				CODE_SIGN_STYLE = Automatic;
				INFOPLIST_FILE = BlockDemo/Info.plist;
				LD_RUNPATH_SEARCH_PATHS = (
					"$(inherited)",
					"@executable_path/Frameworks",
				);
				PRODUCT_BUNDLE_IDENTIFIER = alan.com.BlockDemo;
				PRODUCT_NAME = "$(TARGET_NAME)";
				TARGETED_DEVICE_FAMILY = "1,2";
			};
			name = Release;
		};
/* End XCBuildConfiguration section */

/* Begin XCConfigurationList section */
		E7ABBFF7267DEA3E0094A65C /* Build configuration list for PBXProject "BlockDemo" */ = {
			isa = XCConfigurationList;
			buildConfigurations = (
				E7ABC013267DEA400094A65C /* Debug */,
				E7ABC014267DEA400094A65C /* Release */,
			);
			defaultConfigurationIsVisible = 0;
			defaultConfigurationName = Release;
		};
		E7ABC015267DEA400094A65C /* Build configuration list for PBXNativeTarget "BlockDemo" */ = {
			isa = XCConfigurationList;
			buildConfigurations = (
				E7ABC016267DEA400094A65C /* Debug */,
				E7ABC017267DEA400094A65C /* Release */,
			);
			defaultConfigurationIsVisible = 0;
			defaultConfigurationName = Release;
		};
/* End XCConfigurationList section */
	};
	rootObject = E7ABBFF4267DEA3E0094A65C /* Project object */;
}
